{
  "version": 4,
  "terraform_version": "1.4.6",
  "serial": 96,
  "lineage": "bbe010b3-fb19-03a9-5c31-a0f8fa7c1e8b",
  "outputs": {},
  "resources": [
    {
      "module": "module.instances",
      "mode": "data",
      "type": "aws_ssm_parameter",
      "name": "amazon_linux_ami",
      "provider": "provider[\"registry.terraform.io/hashicorp/aws\"]",
      "instances": [
        {
          "schema_version": 0,
          "attributes": {
            "arn": "arn:aws:ssm:ap-northeast-1::parameter/aws/service/ami-amazon-linux-latest/amzn2-ami-hvm-x86_64-gp2",
            "id": "/aws/service/ami-amazon-linux-latest/amzn2-ami-hvm-x86_64-gp2",
            "name": "/aws/service/ami-amazon-linux-latest/amzn2-ami-hvm-x86_64-gp2",
            "type": "String",
            "value": "ami-0828596b82405edd7",
            "version": 86,
            "with_decryption": true
          },
          "sensitive_attributes": []
        }
      ]
    },
    {
      "module": "module.instances",
      "mode": "managed",
      "type": "aws_db_instance",
      "name": "db",
      "provider": "provider[\"registry.terraform.io/hashicorp/aws\"]",
      "instances": [
        {
          "schema_version": 1,
          "attributes": {
            "address": "dms-lab-db.cg1pwaizs9vn.ap-northeast-1.rds.amazonaws.com",
            "allocated_storage": 20,
            "allow_major_version_upgrade": null,
            "apply_immediately": null,
            "arn": "arn:aws:rds:ap-northeast-1:883779074323:db:dms-lab-db",
            "auto_minor_version_upgrade": true,
            "availability_zone": "ap-northeast-1d",
            "backup_retention_period": 3,
            "backup_window": "19:12-19:42",
            "blue_green_update": [],
            "ca_cert_identifier": "rds-ca-2019",
            "character_set_name": "",
            "copy_tags_to_snapshot": false,
            "custom_iam_instance_profile": "",
            "customer_owned_ip_enabled": false,
            "db_name": "dmslabdb",
            "db_subnet_group_name": "dms-lab-db-subnet-group",
            "delete_automated_backups": true,
            "deletion_protection": false,
            "domain": "",
            "domain_iam_role_name": "",
            "enabled_cloudwatch_logs_exports": null,
            "endpoint": "dms-lab-db.cg1pwaizs9vn.ap-northeast-1.rds.amazonaws.com:3306",
            "engine": "mysql",
            "engine_version": "5.7",
            "engine_version_actual": "5.7.41",
            "final_snapshot_identifier": null,
            "hosted_zone_id": "Z24O6O9L7SGTNB",
            "iam_database_authentication_enabled": false,
            "id": "dms-lab-db",
            "identifier": "dms-lab-db",
            "identifier_prefix": "",
            "instance_class": "db.t3.micro",
            "iops": 0,
            "kms_key_id": "arn:aws:kms:ap-northeast-1:883779074323:key/5d534646-9210-4128-a707-087d58040114",
            "latest_restorable_time": "2023-05-12T05:42:35Z",
            "license_model": "general-public-license",
            "maintenance_window": "thu:15:54-thu:16:24",
            "max_allocated_storage": 30,
            "monitoring_interval": 0,
            "monitoring_role_arn": "",
            "multi_az": false,
            "name": "dmslabdb",
            "nchar_character_set_name": "",
            "network_type": "IPV4",
            "option_group_name": "default:mysql-5-7",
            "parameter_group_name": "default.mysql5.7",
            "password": "Password1",
            "performance_insights_enabled": false,
            "performance_insights_kms_key_id": "",
            "performance_insights_retention_period": 0,
            "port": 3306,
            "publicly_accessible": false,
            "replica_mode": "",
            "replicas": [],
            "replicate_source_db": "",
            "resource_id": "db-2UI65EPLNYRQZY2SRJUL37CW7A",
            "restore_to_point_in_time": [],
            "s3_import": [],
            "security_group_names": null,
            "skip_final_snapshot": true,
            "snapshot_identifier": null,
            "status": "available",
            "storage_encrypted": true,
            "storage_throughput": 0,
            "storage_type": "gp2",
            "tags": null,
            "tags_all": {},
            "timeouts": null,
            "timezone": "",
            "username": "mysqladmin",
            "vpc_security_group_ids": [
              "sg-0332903f2c20fae09"
            ]
          },
          "sensitive_attributes": [],
          "private": "eyJlMmJmYjczMC1lY2FhLTExZTYtOGY4OC0zNDM2M2JjN2M0YzAiOnsiY3JlYXRlIjoyNDAwMDAwMDAwMDAwLCJkZWxldGUiOjM2MDAwMDAwMDAwMDAsInVwZGF0ZSI6NDgwMDAwMDAwMDAwMH0sInNjaGVtYV92ZXJzaW9uIjoiMSJ9",
          "dependencies": [
            "module.instances.aws_security_group.bastion",
            "module.instances.aws_security_group.db",
            "module.instances.aws_security_group.dms",
            "module.network.aws_db_subnet_group.db_subnets",
            "module.network.aws_subnet.db",
            "module.network.aws_vpc.vpc",
            "module.network.data.aws_availability_zones.azs"
          ]
        }
      ]
    },
    {
      "module": "module.instances",
      "mode": "managed",
      "type": "aws_iam_instance_profile",
      "name": "bastion_profile",
      "provider": "provider[\"registry.terraform.io/hashicorp/aws\"]",
      "instances": [
        {
          "schema_version": 0,
          "attributes": {
            "arn": "arn:aws:iam::883779074323:instance-profile/DMS/Lab/DMSLab20230512053700863300000003",
            "create_date": "2023-05-12T05:37:01Z",
            "id": "DMSLab20230512053700863300000003",
            "name": "DMSLab20230512053700863300000003",
            "name_prefix": "DMSLab",
            "path": "/DMS/Lab/",
            "role": "DMSLab20230512053658357200000001",
            "tags": null,
            "tags_all": {},
            "unique_id": "AIPA43RKWPEJ7VNEOJPG6"
          },
          "sensitive_attributes": [],
          "private": "bnVsbA==",
          "dependencies": [
            "module.instances.aws_iam_role.ssm_role"
          ]
        }
      ]
    },
    {
      "module": "module.instances",
      "mode": "managed",
      "type": "aws_iam_role",
      "name": "ssm_role",
      "provider": "provider[\"registry.terraform.io/hashicorp/aws\"]",
      "instances": [
        {
          "schema_version": 0,
          "attributes": {
            "arn": "arn:aws:iam::883779074323:role/DMS/Lab/DMSLab20230512053658357200000001",
            "assume_role_policy": "{\"Statement\":[{\"Action\":\"sts:AssumeRole\",\"Effect\":\"Allow\",\"Principal\":{\"Service\":\"ec2.amazonaws.com\"},\"Sid\":\"\"}],\"Version\":\"2012-10-17\"}",
            "create_date": "2023-05-12T05:36:59Z",
            "description": "",
            "force_detach_policies": false,
            "id": "DMSLab20230512053658357200000001",
            "inline_policy": [],
            "managed_policy_arns": [],
            "max_session_duration": 3600,
            "name": "DMSLab20230512053658357200000001",
            "name_prefix": "DMSLab",
            "path": "/DMS/Lab/",
            "permissions_boundary": null,
            "tags": {
              "Env": "Lab",
              "Project": "DMS"
            },
            "tags_all": {
              "Env": "Lab",
              "Project": "DMS"
            },
            "unique_id": "AROA43RKWPEJU23NSDJQL"
          },
          "sensitive_attributes": [],
          "private": "bnVsbA=="
        }
      ]
    },
    {
      "module": "module.instances",
      "mode": "managed",
      "type": "aws_iam_role_policy",
      "name": "ssm_policy",
      "provider": "provider[\"registry.terraform.io/hashicorp/aws\"]",
      "instances": [
        {
          "schema_version": 0,
          "attributes": {
            "id": "DMSLab20230512053658357200000001:DMSLab20230512053700863100000002",
            "name": "DMSLab20230512053700863100000002",
            "name_prefix": "DMSLab",
            "policy": "{\n    \"Version\": \"2012-10-17\",\n    \"Statement\": [\n        {\n            \"Effect\": \"Allow\",\n            \"Action\": [\n                \"ssm:UpdateInstanceInformation\",\n                \"ssmmessages:CreateControlChannel\",\n                \"ssmmessages:CreateDataChannel\",\n                \"ssmmessages:OpenControlChannel\",\n                \"ssmmessages:OpenDataChannel\"\n            ],\n            \"Resource\": \"*\"\n        },\n        {\n            \"Effect\": \"Allow\",\n            \"Action\": [\n                \"s3:GetEncryptionConfiguration\"\n            ],\n            \"Resource\": \"*\"\n        }\n    ]\n}\n",
            "role": "DMSLab20230512053658357200000001"
          },
          "sensitive_attributes": [],
          "private": "bnVsbA==",
          "dependencies": [
            "module.instances.aws_iam_role.ssm_role"
          ]
        }
      ]
    },
    {
      "module": "module.instances",
      "mode": "managed",
      "type": "aws_instance",
      "name": "bastion",
      "provider": "provider[\"registry.terraform.io/hashicorp/aws\"]",
      "instances": [
        {
          "schema_version": 1,
          "attributes": {
            "ami": "ami-0828596b82405edd7",
            "arn": "arn:aws:ec2:ap-northeast-1:883779074323:instance/i-02782d8fa0b3195de",
            "associate_public_ip_address": false,
            "availability_zone": "ap-northeast-1a",
            "capacity_reservation_specification": [
              {
                "capacity_reservation_preference": "open",
                "capacity_reservation_target": []
              }
            ],
            "cpu_core_count": 1,
            "cpu_threads_per_core": 2,
            "credit_specification": [
              {
                "cpu_credits": "unlimited"
              }
            ],
            "disable_api_stop": false,
            "disable_api_termination": false,
            "ebs_block_device": [],
            "ebs_optimized": false,
            "enclave_options": [
              {
                "enabled": false
              }
            ],
            "ephemeral_block_device": [],
            "get_password_data": false,
            "hibernation": false,
            "host_id": null,
            "host_resource_group_arn": null,
            "iam_instance_profile": "DMSLab20230512053700863300000003",
            "id": "i-02782d8fa0b3195de",
            "instance_initiated_shutdown_behavior": "stop",
            "instance_state": "running",
            "instance_type": "t3.micro",
            "ipv6_address_count": 0,
            "ipv6_addresses": [],
            "key_name": "",
            "launch_template": [],
            "maintenance_options": [
              {
                "auto_recovery": "default"
              }
            ],
            "metadata_options": [
              {
                "http_endpoint": "enabled",
                "http_put_response_hop_limit": 1,
                "http_tokens": "optional",
                "instance_metadata_tags": "disabled"
              }
            ],
            "monitoring": false,
            "network_interface": [],
            "outpost_arn": "",
            "password_data": "",
            "placement_group": "",
            "placement_partition_number": null,
            "primary_network_interface_id": "eni-014ab44189cfda05e",
            "private_dns": "ip-10-0-1-53.ap-northeast-1.compute.internal",
            "private_dns_name_options": [
              {
                "enable_resource_name_dns_a_record": false,
                "enable_resource_name_dns_aaaa_record": false,
                "hostname_type": "ip-name"
              }
            ],
            "private_ip": "10.0.1.53",
            "public_dns": "",
            "public_ip": "",
            "root_block_device": [
              {
                "delete_on_termination": true,
                "device_name": "/dev/xvda",
                "encrypted": false,
                "iops": 100,
                "kms_key_id": "",
                "tags": {},
                "throughput": 0,
                "volume_id": "vol-09eb507643d425207",
                "volume_size": 8,
                "volume_type": "gp2"
              }
            ],
            "secondary_private_ips": [],
            "security_groups": [
              "sg-096d95465cfd79cca"
            ],
            "source_dest_check": true,
            "subnet_id": "subnet-0cb0c53c04ac5dc8e",
            "tags": {
              "Env": "Lab",
              "Name": "DMS-Lab-BastionInstance",
              "Project": "DMS"
            },
            "tags_all": {
              "Env": "Lab",
              "Name": "DMS-Lab-BastionInstance",
              "Project": "DMS"
            },
            "tenancy": "default",
            "timeouts": null,
            "user_data": "60915740b6e4610b42b3174f68734018e84aa727",
            "user_data_base64": null,
            "user_data_replace_on_change": false,
            "volume_tags": null,
            "vpc_security_group_ids": [
              "sg-096d95465cfd79cca"
            ]
          },
          "sensitive_attributes": [
            [
              {
                "type": "get_attr",
                "value": "ami"
              }
            ]
          ],
          "private": "eyJlMmJmYjczMC1lY2FhLTExZTYtOGY4OC0zNDM2M2JjN2M0YzAiOnsiY3JlYXRlIjo2MDAwMDAwMDAwMDAsImRlbGV0ZSI6MTIwMDAwMDAwMDAwMCwidXBkYXRlIjo2MDAwMDAwMDAwMDB9LCJzY2hlbWFfdmVyc2lvbiI6IjEifQ==",
          "dependencies": [
            "module.instances.aws_iam_instance_profile.bastion_profile",
            "module.instances.aws_iam_role.ssm_role",
            "module.instances.aws_security_group.bastion",
            "module.instances.data.aws_ssm_parameter.amazon_linux_ami",
            "module.network.aws_subnet.private",
            "module.network.aws_vpc.vpc",
            "module.network.data.aws_availability_zones.azs"
          ]
        }
      ]
    },
    {
      "module": "module.instances",
      "mode": "managed",
      "type": "aws_instance",
      "name": "src_db",
      "provider": "provider[\"registry.terraform.io/hashicorp/aws\"]",
      "instances": [
        {
          "schema_version": 1,
          "attributes": {
            "ami": "ami-0828596b82405edd7",
            "arn": "arn:aws:ec2:ap-northeast-1:883779074323:instance/i-034b550946f95aea5",
            "associate_public_ip_address": false,
            "availability_zone": "ap-northeast-1a",
            "capacity_reservation_specification": [
              {
                "capacity_reservation_preference": "open",
                "capacity_reservation_target": []
              }
            ],
            "cpu_core_count": 1,
            "cpu_threads_per_core": 2,
            "credit_specification": [
              {
                "cpu_credits": "unlimited"
              }
            ],
            "disable_api_stop": false,
            "disable_api_termination": false,
            "ebs_block_device": [],
            "ebs_optimized": false,
            "enclave_options": [
              {
                "enabled": false
              }
            ],
            "ephemeral_block_device": [],
            "get_password_data": false,
            "hibernation": false,
            "host_id": null,
            "host_resource_group_arn": null,
            "iam_instance_profile": "DMSLab20230512053700863300000003",
            "id": "i-034b550946f95aea5",
            "instance_initiated_shutdown_behavior": "stop",
            "instance_state": "running",
            "instance_type": "t3.micro",
            "ipv6_address_count": 0,
            "ipv6_addresses": [],
            "key_name": "",
            "launch_template": [],
            "maintenance_options": [
              {
                "auto_recovery": "default"
              }
            ],
            "metadata_options": [
              {
                "http_endpoint": "enabled",
                "http_put_response_hop_limit": 1,
                "http_tokens": "optional",
                "instance_metadata_tags": "disabled"
              }
            ],
            "monitoring": false,
            "network_interface": [],
            "outpost_arn": "",
            "password_data": "",
            "placement_group": "",
            "placement_partition_number": null,
            "primary_network_interface_id": "eni-03f2499407552110e",
            "private_dns": "ip-10-0-0-187.ap-northeast-1.compute.internal",
            "private_dns_name_options": [
              {
                "enable_resource_name_dns_a_record": false,
                "enable_resource_name_dns_aaaa_record": false,
                "hostname_type": "ip-name"
              }
            ],
            "private_ip": "10.0.0.187",
            "public_dns": "",
            "public_ip": "",
            "root_block_device": [
              {
                "delete_on_termination": true,
                "device_name": "/dev/xvda",
                "encrypted": false,
                "iops": 100,
                "kms_key_id": "",
                "tags": {},
                "throughput": 0,
                "volume_id": "vol-0315cd0cb7db686d5",
                "volume_size": 8,
                "volume_type": "gp2"
              }
            ],
            "secondary_private_ips": [],
            "security_groups": [
              "sg-0332903f2c20fae09"
            ],
            "source_dest_check": true,
            "subnet_id": "subnet-0cb0c53c04ac5dc8e",
            "tags": {
              "Env": "Lab",
              "Name": "DMS-Lab-SourceDb",
              "Project": "DMS"
            },
            "tags_all": {
              "Env": "Lab",
              "Name": "DMS-Lab-SourceDb",
              "Project": "DMS"
            },
            "tenancy": "default",
            "timeouts": null,
            "user_data": "728fa05b39e0fe6b4f3f8fdba572ceadca82b970",
            "user_data_base64": null,
            "user_data_replace_on_change": false,
            "volume_tags": null,
            "vpc_security_group_ids": [
              "sg-0332903f2c20fae09"
            ]
          },
          "sensitive_attributes": [
            [
              {
                "type": "get_attr",
                "value": "ami"
              }
            ]
          ],
          "private": "eyJlMmJmYjczMC1lY2FhLTExZTYtOGY4OC0zNDM2M2JjN2M0YzAiOnsiY3JlYXRlIjo2MDAwMDAwMDAwMDAsImRlbGV0ZSI6MTIwMDAwMDAwMDAwMCwidXBkYXRlIjo2MDAwMDAwMDAwMDB9LCJzY2hlbWFfdmVyc2lvbiI6IjEifQ==",
          "dependencies": [
            "module.instances.aws_iam_instance_profile.bastion_profile",
            "module.instances.aws_iam_role.ssm_role",
            "module.instances.aws_security_group.bastion",
            "module.instances.aws_security_group.db",
            "module.instances.aws_security_group.dms",
            "module.instances.data.aws_ssm_parameter.amazon_linux_ami",
            "module.network.aws_subnet.private",
            "module.network.aws_vpc.vpc",
            "module.network.data.aws_availability_zones.azs"
          ]
        }
      ]
    },
    {
      "module": "module.instances",
      "mode": "managed",
      "type": "aws_security_group",
      "name": "bastion",
      "provider": "provider[\"registry.terraform.io/hashicorp/aws\"]",
      "instances": [
        {
          "schema_version": 1,
          "attributes": {
            "arn": "arn:aws:ec2:ap-northeast-1:883779074323:security-group/sg-096d95465cfd79cca",
            "description": "Security group for bastion host",
            "egress": [
              {
                "cidr_blocks": [
                  "0.0.0.0/0"
                ],
                "description": "Allow to anywhere from this bastion",
                "from_port": 0,
                "ipv6_cidr_blocks": [],
                "prefix_list_ids": [],
                "protocol": "-1",
                "security_groups": [],
                "self": false,
                "to_port": 0
              }
            ],
            "id": "sg-096d95465cfd79cca",
            "ingress": [],
            "name": "DMS-Lab-Bastion-Sg",
            "name_prefix": "",
            "owner_id": "883779074323",
            "revoke_rules_on_delete": false,
            "tags": {
              "Env": "Lab",
              "Name": "DMS-Lab-Bastion-Sg",
              "Project": "DMS"
            },
            "tags_all": {
              "Env": "Lab",
              "Name": "DMS-Lab-Bastion-Sg",
              "Project": "DMS"
            },
            "timeouts": null,
            "vpc_id": "vpc-05fb6ba89bd37cac4"
          },
          "sensitive_attributes": [],
          "private": "eyJlMmJmYjczMC1lY2FhLTExZTYtOGY4OC0zNDM2M2JjN2M0YzAiOnsiY3JlYXRlIjo2MDAwMDAwMDAwMDAsImRlbGV0ZSI6OTAwMDAwMDAwMDAwfSwic2NoZW1hX3ZlcnNpb24iOiIxIn0=",
          "dependencies": [
            "module.network.aws_vpc.vpc"
          ]
        }
      ]
    },
    {
      "module": "module.instances",
      "mode": "managed",
      "type": "aws_security_group",
      "name": "db",
      "provider": "provider[\"registry.terraform.io/hashicorp/aws\"]",
      "instances": [
        {
          "schema_version": 1,
          "attributes": {
            "arn": "arn:aws:ec2:ap-northeast-1:883779074323:security-group/sg-0332903f2c20fae09",
            "description": "Security group for db instance",
            "egress": [
              {
                "cidr_blocks": [
                  "0.0.0.0/0"
                ],
                "description": "Allow to anywhere from this replication instance.",
                "from_port": 0,
                "ipv6_cidr_blocks": [],
                "prefix_list_ids": [],
                "protocol": "-1",
                "security_groups": [],
                "self": false,
                "to_port": 0
              }
            ],
            "id": "sg-0332903f2c20fae09",
            "ingress": [
              {
                "cidr_blocks": [],
                "description": "Allow from bastion to this db",
                "from_port": 3306,
                "ipv6_cidr_blocks": [],
                "prefix_list_ids": [],
                "protocol": "tcp",
                "security_groups": [
                  "sg-096d95465cfd79cca"
                ],
                "self": false,
                "to_port": 3306
              },
              {
                "cidr_blocks": [],
                "description": "Allow from dms to this db",
                "from_port": 3306,
                "ipv6_cidr_blocks": [],
                "prefix_list_ids": [],
                "protocol": "tcp",
                "security_groups": [
                  "sg-0f5ecc5666e38101a"
                ],
                "self": false,
                "to_port": 3306
              }
            ],
            "name": "DMS-Lab-Db-Sg",
            "name_prefix": "",
            "owner_id": "883779074323",
            "revoke_rules_on_delete": false,
            "tags": {
              "Env": "Lab",
              "Name": "DMS-Lab-Db-Sg",
              "Project": "DMS"
            },
            "tags_all": {
              "Env": "Lab",
              "Name": "DMS-Lab-Db-Sg",
              "Project": "DMS"
            },
            "timeouts": null,
            "vpc_id": "vpc-05fb6ba89bd37cac4"
          },
          "sensitive_attributes": [],
          "private": "eyJlMmJmYjczMC1lY2FhLTExZTYtOGY4OC0zNDM2M2JjN2M0YzAiOnsiY3JlYXRlIjo2MDAwMDAwMDAwMDAsImRlbGV0ZSI6OTAwMDAwMDAwMDAwfSwic2NoZW1hX3ZlcnNpb24iOiIxIn0=",
          "dependencies": [
            "module.instances.aws_security_group.bastion",
            "module.instances.aws_security_group.dms",
            "module.network.aws_vpc.vpc"
          ]
        }
      ]
    },
    {
      "module": "module.instances",
      "mode": "managed",
      "type": "aws_security_group",
      "name": "dms",
      "provider": "provider[\"registry.terraform.io/hashicorp/aws\"]",
      "instances": [
        {
          "schema_version": 1,
          "attributes": {
            "arn": "arn:aws:ec2:ap-northeast-1:883779074323:security-group/sg-0f5ecc5666e38101a",
            "description": "Security group for replication instance",
            "egress": [
              {
                "cidr_blocks": [
                  "0.0.0.0/0"
                ],
                "description": "Allow to anywhere from this replication instance.",
                "from_port": 0,
                "ipv6_cidr_blocks": [],
                "prefix_list_ids": [],
                "protocol": "-1",
                "security_groups": [],
                "self": false,
                "to_port": 0
              }
            ],
            "id": "sg-0f5ecc5666e38101a",
            "ingress": [],
            "name": "DMS-Lab-RepInstance-Sg",
            "name_prefix": "",
            "owner_id": "883779074323",
            "revoke_rules_on_delete": false,
            "tags": {
              "Env": "Lab",
              "Name": "DMS-Lab-RepInstance-Sg",
              "Project": "DMS"
            },
            "tags_all": {
              "Env": "Lab",
              "Name": "DMS-Lab-RepInstance-Sg",
              "Project": "DMS"
            },
            "timeouts": null,
            "vpc_id": "vpc-05fb6ba89bd37cac4"
          },
          "sensitive_attributes": [],
          "private": "eyJlMmJmYjczMC1lY2FhLTExZTYtOGY4OC0zNDM2M2JjN2M0YzAiOnsiY3JlYXRlIjo2MDAwMDAwMDAwMDAsImRlbGV0ZSI6OTAwMDAwMDAwMDAwfSwic2NoZW1hX3ZlcnNpb24iOiIxIn0=",
          "dependencies": [
            "module.network.aws_vpc.vpc"
          ]
        }
      ]
    },
    {
      "module": "module.network",
      "mode": "data",
      "type": "aws_availability_zones",
      "name": "azs",
      "provider": "provider[\"registry.terraform.io/hashicorp/aws\"]",
      "instances": [
        {
          "schema_version": 0,
          "attributes": {
            "all_availability_zones": null,
            "exclude_names": null,
            "exclude_zone_ids": null,
            "filter": null,
            "group_names": [
              "ap-northeast-1"
            ],
            "id": "ap-northeast-1",
            "names": [
              "ap-northeast-1a",
              "ap-northeast-1c",
              "ap-northeast-1d"
            ],
            "state": null,
            "timeouts": null,
            "zone_ids": [
              "apne1-az4",
              "apne1-az1",
              "apne1-az2"
            ]
          },
          "sensitive_attributes": []
        }
      ]
    },
    {
      "module": "module.network",
      "mode": "managed",
      "type": "aws_db_subnet_group",
      "name": "db_subnets",
      "provider": "provider[\"registry.terraform.io/hashicorp/aws\"]",
      "instances": [
        {
          "schema_version": 0,
          "attributes": {
            "arn": "arn:aws:rds:ap-northeast-1:883779074323:subgrp:dms-lab-db-subnet-group",
            "description": "Managed by Terraform",
            "id": "dms-lab-db-subnet-group",
            "name": "dms-lab-db-subnet-group",
            "name_prefix": "",
            "subnet_ids": [
              "subnet-036e63fef1aa30126",
              "subnet-038becd4585413c16",
              "subnet-0fb5e0f94d89b60f0"
            ],
            "supported_network_types": [
              "IPV4"
            ],
            "tags": {
              "Env": "Lab",
              "Name": "DMS-Lab-DbSubnetGroup",
              "Project": "DMS"
            },
            "tags_all": {
              "Env": "Lab",
              "Name": "DMS-Lab-DbSubnetGroup",
              "Project": "DMS"
            }
          },
          "sensitive_attributes": [],
          "private": "bnVsbA==",
          "dependencies": [
            "module.network.aws_subnet.db",
            "module.network.aws_vpc.vpc",
            "module.network.data.aws_availability_zones.azs"
          ]
        }
      ]
    },
    {
      "module": "module.network",
      "mode": "managed",
      "type": "aws_eip",
      "name": "nat",
      "provider": "provider[\"registry.terraform.io/hashicorp/aws\"]",
      "instances": [
        {
          "index_key": 0,
          "schema_version": 0,
          "attributes": {
            "address": null,
            "allocation_id": "eipalloc-027d0c4699612e959",
            "associate_with_private_ip": null,
            "association_id": "",
            "carrier_ip": "",
            "customer_owned_ip": "",
            "customer_owned_ipv4_pool": "",
            "domain": "vpc",
            "id": "eipalloc-027d0c4699612e959",
            "instance": "",
            "network_border_group": "ap-northeast-1",
            "network_interface": "",
            "private_dns": null,
            "private_ip": "",
            "public_dns": "ec2-35-75-67-168.ap-northeast-1.compute.amazonaws.com",
            "public_ip": "35.75.67.168",
            "public_ipv4_pool": "amazon",
            "tags": {
              "Env": "Lab",
              "Name": "DMS-Lab-NatIp1",
              "Project": "DMS"
            },
            "tags_all": {
              "Env": "Lab",
              "Name": "DMS-Lab-NatIp1",
              "Project": "DMS"
            },
            "timeouts": null,
            "vpc": true
          },
          "sensitive_attributes": [],
          "private": "eyJlMmJmYjczMC1lY2FhLTExZTYtOGY4OC0zNDM2M2JjN2M0YzAiOnsiZGVsZXRlIjoxODAwMDAwMDAwMDAsInJlYWQiOjkwMDAwMDAwMDAwMCwidXBkYXRlIjozMDAwMDAwMDAwMDB9fQ==",
          "dependencies": [
            "module.network.data.aws_availability_zones.azs"
          ]
        }
      ]
    },
    {
      "module": "module.network",
      "mode": "managed",
      "type": "aws_internet_gateway",
      "name": "igw",
      "provider": "provider[\"registry.terraform.io/hashicorp/aws\"]",
      "instances": [
        {
          "schema_version": 0,
          "attributes": {
            "arn": "arn:aws:ec2:ap-northeast-1:883779074323:internet-gateway/igw-0688201cf38e09500",
            "id": "igw-0688201cf38e09500",
            "owner_id": "883779074323",
            "tags": {
              "Env": "Lab",
              "Name": "DMS-Lab-IGW",
              "Project": "DMS"
            },
            "tags_all": {
              "Env": "Lab",
              "Name": "DMS-Lab-IGW",
              "Project": "DMS"
            },
            "timeouts": null,
            "vpc_id": "vpc-05fb6ba89bd37cac4"
          },
          "sensitive_attributes": [],
          "private": "eyJlMmJmYjczMC1lY2FhLTExZTYtOGY4OC0zNDM2M2JjN2M0YzAiOnsiY3JlYXRlIjoxMjAwMDAwMDAwMDAwLCJkZWxldGUiOjEyMDAwMDAwMDAwMDAsInVwZGF0ZSI6MTIwMDAwMDAwMDAwMH19",
          "dependencies": [
            "module.network.aws_vpc.vpc"
          ]
        }
      ]
    },
    {
      "module": "module.network",
      "mode": "managed",
      "type": "aws_nat_gateway",
      "name": "nat",
      "provider": "provider[\"registry.terraform.io/hashicorp/aws\"]",
      "instances": [
        {
          "index_key": 0,
          "schema_version": 0,
          "attributes": {
            "allocation_id": "eipalloc-027d0c4699612e959",
            "connectivity_type": "public",
            "id": "nat-01e01a3265eebc70c",
            "network_interface_id": "eni-0c0fbf11d12871163",
            "private_ip": "10.0.7.189",
            "public_ip": "35.75.67.168",
            "subnet_id": "subnet-04f4bac7b4deaf092",
            "tags": {
              "Env": "Lab",
              "Name": "DMS-Lab-NatGateway1",
              "Project": "DMS"
            },
            "tags_all": {
              "Env": "Lab",
              "Name": "DMS-Lab-NatGateway1",
              "Project": "DMS"
            }
          },
          "sensitive_attributes": [],
          "private": "bnVsbA==",
          "dependencies": [
            "module.network.aws_eip.nat",
            "module.network.aws_subnet.public",
            "module.network.aws_vpc.vpc",
            "module.network.data.aws_availability_zones.azs"
          ]
        }
      ]
    },
    {
      "module": "module.network",
      "mode": "managed",
      "type": "aws_network_acl",
      "name": "db",
      "provider": "provider[\"registry.terraform.io/hashicorp/aws\"]",
      "instances": [
        {
          "schema_version": 0,
          "attributes": {
            "arn": "arn:aws:ec2:ap-northeast-1:883779074323:network-acl/acl-03296009497fe11df",
            "egress": [],
            "id": "acl-03296009497fe11df",
            "ingress": [],
            "owner_id": "883779074323",
            "subnet_ids": [
              "subnet-036e63fef1aa30126",
              "subnet-038becd4585413c16",
              "subnet-0fb5e0f94d89b60f0"
            ],
            "tags": {
              "Env": "Lab",
              "Name": "DMS-Lab-DbNACL",
              "Project": "DMS"
            },
            "tags_all": {
              "Env": "Lab",
              "Name": "DMS-Lab-DbNACL",
              "Project": "DMS"
            },
            "vpc_id": "vpc-05fb6ba89bd37cac4"
          },
          "sensitive_attributes": [],
          "private": "bnVsbA==",
          "dependencies": [
            "module.network.aws_subnet.db",
            "module.network.aws_vpc.vpc",
            "module.network.data.aws_availability_zones.azs"
          ]
        }
      ]
    },
    {
      "module": "module.network",
      "mode": "managed",
      "type": "aws_network_acl",
      "name": "private",
      "provider": "provider[\"registry.terraform.io/hashicorp/aws\"]",
      "instances": [
        {
          "schema_version": 0,
          "attributes": {
            "arn": "arn:aws:ec2:ap-northeast-1:883779074323:network-acl/acl-00987ad20670cf779",
            "egress": [],
            "id": "acl-00987ad20670cf779",
            "ingress": [],
            "owner_id": "883779074323",
            "subnet_ids": [
              "subnet-0beec675ebeb8daf3",
              "subnet-0cb0c53c04ac5dc8e",
              "subnet-0e1e75e5cdc7eee86"
            ],
            "tags": {
              "Env": "Lab",
              "Name": "DMS-Lab-PrivateNACL",
              "Project": "DMS"
            },
            "tags_all": {
              "Env": "Lab",
              "Name": "DMS-Lab-PrivateNACL",
              "Project": "DMS"
            },
            "vpc_id": "vpc-05fb6ba89bd37cac4"
          },
          "sensitive_attributes": [],
          "private": "bnVsbA==",
          "dependencies": [
            "module.network.aws_subnet.private",
            "module.network.aws_vpc.vpc",
            "module.network.data.aws_availability_zones.azs"
          ]
        }
      ]
    },
    {
      "module": "module.network",
      "mode": "managed",
      "type": "aws_network_acl",
      "name": "public",
      "provider": "provider[\"registry.terraform.io/hashicorp/aws\"]",
      "instances": [
        {
          "schema_version": 0,
          "attributes": {
            "arn": "arn:aws:ec2:ap-northeast-1:883779074323:network-acl/acl-07f6c559ce841d063",
            "egress": [
              {
                "action": "allow",
                "cidr_block": "0.0.0.0/0",
                "from_port": 0,
                "icmp_code": null,
                "icmp_type": null,
                "ipv6_cidr_block": "",
                "protocol": "6",
                "rule_no": 200,
                "to_port": 65535
              },
              {
                "action": "allow",
                "cidr_block": "10.0.0.0/16",
                "from_port": 0,
                "icmp_code": null,
                "icmp_type": null,
                "ipv6_cidr_block": "",
                "protocol": "-1",
                "rule_no": 100,
                "to_port": 0
              }
            ],
            "id": "acl-07f6c559ce841d063",
            "ingress": [
              {
                "action": "allow",
                "cidr_block": "0.0.0.0/0",
                "from_port": 0,
                "icmp_code": null,
                "icmp_type": null,
                "ipv6_cidr_block": "",
                "protocol": "6",
                "rule_no": 200,
                "to_port": 65535
              },
              {
                "action": "allow",
                "cidr_block": "10.0.0.0/16",
                "from_port": 0,
                "icmp_code": null,
                "icmp_type": null,
                "ipv6_cidr_block": "",
                "protocol": "-1",
                "rule_no": 100,
                "to_port": 0
              }
            ],
            "owner_id": "883779074323",
            "subnet_ids": [
              "subnet-0133fb65130cb2fde",
              "subnet-04f4bac7b4deaf092",
              "subnet-079057dc8a745f571",
              "subnet-0a59be880cb41df6d"
            ],
            "tags": {
              "Env": "Lab",
              "Name": "DMS-Lab-PublicNACL",
              "Project": "DMS"
            },
            "tags_all": {
              "Env": "Lab",
              "Name": "DMS-Lab-PublicNACL",
              "Project": "DMS"
            },
            "vpc_id": "vpc-05fb6ba89bd37cac4"
          },
          "sensitive_attributes": [],
          "private": "bnVsbA==",
          "dependencies": [
            "module.network.aws_subnet.public",
            "module.network.aws_vpc.vpc",
            "module.network.data.aws_availability_zones.azs"
          ]
        }
      ]
    },
    {
      "module": "module.network",
      "mode": "managed",
      "type": "aws_network_acl_rule",
      "name": "db_in",
      "provider": "provider[\"registry.terraform.io/hashicorp/aws\"]",
      "instances": [
        {
          "index_key": 0,
          "schema_version": 0,
          "attributes": {
            "cidr_block": "10.0.0.0/23",
            "egress": false,
            "from_port": 3306,
            "icmp_code": null,
            "icmp_type": null,
            "id": "nacl-3347767834",
            "ipv6_cidr_block": "",
            "network_acl_id": "acl-03296009497fe11df",
            "protocol": "6",
            "rule_action": "allow",
            "rule_number": 100,
            "to_port": 3306
          },
          "sensitive_attributes": [],
          "private": "bnVsbA==",
          "dependencies": [
            "module.network.aws_network_acl.db",
            "module.network.aws_subnet.db",
            "module.network.aws_subnet.private",
            "module.network.aws_vpc.vpc",
            "module.network.data.aws_availability_zones.azs"
          ]
        },
        {
          "index_key": 1,
          "schema_version": 0,
          "attributes": {
            "cidr_block": "10.0.2.0/23",
            "egress": false,
            "from_port": 3306,
            "icmp_code": null,
            "icmp_type": null,
            "id": "nacl-2954113258",
            "ipv6_cidr_block": "",
            "network_acl_id": "acl-03296009497fe11df",
            "protocol": "6",
            "rule_action": "allow",
            "rule_number": 200,
            "to_port": 3306
          },
          "sensitive_attributes": [],
          "private": "bnVsbA==",
          "dependencies": [
            "module.network.aws_network_acl.db",
            "module.network.aws_subnet.db",
            "module.network.aws_subnet.private",
            "module.network.aws_vpc.vpc",
            "module.network.data.aws_availability_zones.azs"
          ]
        },
        {
          "index_key": 2,
          "schema_version": 0,
          "attributes": {
            "cidr_block": "10.0.4.0/23",
            "egress": false,
            "from_port": 3306,
            "icmp_code": null,
            "icmp_type": null,
            "id": "nacl-733052037",
            "ipv6_cidr_block": "",
            "network_acl_id": "acl-03296009497fe11df",
            "protocol": "6",
            "rule_action": "allow",
            "rule_number": 300,
            "to_port": 3306
          },
          "sensitive_attributes": [],
          "private": "bnVsbA==",
          "dependencies": [
            "module.network.aws_network_acl.db",
            "module.network.aws_subnet.db",
            "module.network.aws_subnet.private",
            "module.network.aws_vpc.vpc",
            "module.network.data.aws_availability_zones.azs"
          ]
        }
      ]
    },
    {
      "module": "module.network",
      "mode": "managed",
      "type": "aws_network_acl_rule",
      "name": "db_out",
      "provider": "provider[\"registry.terraform.io/hashicorp/aws\"]",
      "instances": [
        {
          "index_key": 0,
          "schema_version": 0,
          "attributes": {
            "cidr_block": "10.0.0.0/23",
            "egress": true,
            "from_port": 1024,
            "icmp_code": null,
            "icmp_type": null,
            "id": "nacl-1652228124",
            "ipv6_cidr_block": "",
            "network_acl_id": "acl-03296009497fe11df",
            "protocol": "6",
            "rule_action": "allow",
            "rule_number": 100,
            "to_port": 65535
          },
          "sensitive_attributes": [],
          "private": "bnVsbA==",
          "dependencies": [
            "module.network.aws_network_acl.db",
            "module.network.aws_subnet.db",
            "module.network.aws_subnet.private",
            "module.network.aws_vpc.vpc",
            "module.network.data.aws_availability_zones.azs"
          ]
        },
        {
          "index_key": 1,
          "schema_version": 0,
          "attributes": {
            "cidr_block": "10.0.2.0/23",
            "egress": true,
            "from_port": 1024,
            "icmp_code": null,
            "icmp_type": null,
            "id": "nacl-4221134365",
            "ipv6_cidr_block": "",
            "network_acl_id": "acl-03296009497fe11df",
            "protocol": "6",
            "rule_action": "allow",
            "rule_number": 200,
            "to_port": 65535
          },
          "sensitive_attributes": [],
          "private": "bnVsbA==",
          "dependencies": [
            "module.network.aws_network_acl.db",
            "module.network.aws_subnet.db",
            "module.network.aws_subnet.private",
            "module.network.aws_vpc.vpc",
            "module.network.data.aws_availability_zones.azs"
          ]
        },
        {
          "index_key": 2,
          "schema_version": 0,
          "attributes": {
            "cidr_block": "10.0.4.0/23",
            "egress": true,
            "from_port": 1024,
            "icmp_code": null,
            "icmp_type": null,
            "id": "nacl-974633437",
            "ipv6_cidr_block": "",
            "network_acl_id": "acl-03296009497fe11df",
            "protocol": "6",
            "rule_action": "allow",
            "rule_number": 300,
            "to_port": 65535
          },
          "sensitive_attributes": [],
          "private": "bnVsbA==",
          "dependencies": [
            "module.network.aws_network_acl.db",
            "module.network.aws_subnet.db",
            "module.network.aws_subnet.private",
            "module.network.aws_vpc.vpc",
            "module.network.data.aws_availability_zones.azs"
          ]
        }
      ]
    },
    {
      "module": "module.network",
      "mode": "managed",
      "type": "aws_network_acl_rule",
      "name": "private_in",
      "provider": "provider[\"registry.terraform.io/hashicorp/aws\"]",
      "instances": [
        {
          "schema_version": 0,
          "attributes": {
            "cidr_block": "10.0.0.0/16",
            "egress": false,
            "from_port": null,
            "icmp_code": null,
            "icmp_type": null,
            "id": "nacl-1585621787",
            "ipv6_cidr_block": "",
            "network_acl_id": "acl-00987ad20670cf779",
            "protocol": "-1",
            "rule_action": "allow",
            "rule_number": 100,
            "to_port": null
          },
          "sensitive_attributes": [],
          "private": "bnVsbA==",
          "dependencies": [
            "module.network.aws_network_acl.private",
            "module.network.aws_subnet.private",
            "module.network.aws_vpc.vpc",
            "module.network.data.aws_availability_zones.azs"
          ]
        }
      ]
    },
    {
      "module": "module.network",
      "mode": "managed",
      "type": "aws_network_acl_rule",
      "name": "private_in_ephemeral",
      "provider": "provider[\"registry.terraform.io/hashicorp/aws\"]",
      "instances": [
        {
          "schema_version": 0,
          "attributes": {
            "cidr_block": "0.0.0.0/0",
            "egress": false,
            "from_port": 1024,
            "icmp_code": null,
            "icmp_type": null,
            "id": "nacl-2576425046",
            "ipv6_cidr_block": "",
            "network_acl_id": "acl-00987ad20670cf779",
            "protocol": "6",
            "rule_action": "allow",
            "rule_number": 200,
            "to_port": 65535
          },
          "sensitive_attributes": [],
          "private": "bnVsbA==",
          "dependencies": [
            "module.network.aws_network_acl.private",
            "module.network.aws_subnet.private",
            "module.network.aws_vpc.vpc",
            "module.network.data.aws_availability_zones.azs"
          ]
        }
      ]
    },
    {
      "module": "module.network",
      "mode": "managed",
      "type": "aws_network_acl_rule",
      "name": "private_out",
      "provider": "provider[\"registry.terraform.io/hashicorp/aws\"]",
      "instances": [
        {
          "schema_version": 0,
          "attributes": {
            "cidr_block": "0.0.0.0/0",
            "egress": true,
            "from_port": null,
            "icmp_code": null,
            "icmp_type": null,
            "id": "nacl-1547670983",
            "ipv6_cidr_block": "",
            "network_acl_id": "acl-00987ad20670cf779",
            "protocol": "-1",
            "rule_action": "allow",
            "rule_number": 100,
            "to_port": null
          },
          "sensitive_attributes": [],
          "private": "bnVsbA==",
          "dependencies": [
            "module.network.aws_network_acl.private",
            "module.network.aws_subnet.private",
            "module.network.aws_vpc.vpc",
            "module.network.data.aws_availability_zones.azs"
          ]
        }
      ]
    },
    {
      "module": "module.network",
      "mode": "managed",
      "type": "aws_route_table",
      "name": "db",
      "provider": "provider[\"registry.terraform.io/hashicorp/aws\"]",
      "instances": [
        {
          "schema_version": 0,
          "attributes": {
            "arn": "arn:aws:ec2:ap-northeast-1:883779074323:route-table/rtb-0f601896712313f5f",
            "id": "rtb-0f601896712313f5f",
            "owner_id": "883779074323",
            "propagating_vgws": [],
            "route": [],
            "tags": {
              "Env": "Lab",
              "Name": "DMS-Lab-DbRoute",
              "Project": "DMS"
            },
            "tags_all": {
              "Env": "Lab",
              "Name": "DMS-Lab-DbRoute",
              "Project": "DMS"
            },
            "timeouts": null,
            "vpc_id": "vpc-05fb6ba89bd37cac4"
          },
          "sensitive_attributes": [],
          "private": "eyJlMmJmYjczMC1lY2FhLTExZTYtOGY4OC0zNDM2M2JjN2M0YzAiOnsiY3JlYXRlIjozMDAwMDAwMDAwMDAsImRlbGV0ZSI6MzAwMDAwMDAwMDAwLCJ1cGRhdGUiOjEyMDAwMDAwMDAwMH19",
          "dependencies": [
            "module.network.aws_vpc.vpc"
          ]
        }
      ]
    },
    {
      "module": "module.network",
      "mode": "managed",
      "type": "aws_route_table",
      "name": "private",
      "provider": "provider[\"registry.terraform.io/hashicorp/aws\"]",
      "instances": [
        {
          "index_key": 0,
          "schema_version": 0,
          "attributes": {
            "arn": "arn:aws:ec2:ap-northeast-1:883779074323:route-table/rtb-0e769663955819141",
            "id": "rtb-0e769663955819141",
            "owner_id": "883779074323",
            "propagating_vgws": [],
            "route": [
              {
                "carrier_gateway_id": "",
                "cidr_block": "0.0.0.0/0",
                "core_network_arn": "",
                "destination_prefix_list_id": "",
                "egress_only_gateway_id": "",
                "gateway_id": "",
                "instance_id": "",
                "ipv6_cidr_block": "",
                "local_gateway_id": "",
                "nat_gateway_id": "nat-01e01a3265eebc70c",
                "network_interface_id": "",
                "transit_gateway_id": "",
                "vpc_endpoint_id": "",
                "vpc_peering_connection_id": ""
              }
            ],
            "tags": {
              "Env": "Lab",
              "Name": "DMS-Lab-PrivateRoute1",
              "Project": "DMS"
            },
            "tags_all": {
              "Env": "Lab",
              "Name": "DMS-Lab-PrivateRoute1",
              "Project": "DMS"
            },
            "timeouts": null,
            "vpc_id": "vpc-05fb6ba89bd37cac4"
          },
          "sensitive_attributes": [],
          "private": "eyJlMmJmYjczMC1lY2FhLTExZTYtOGY4OC0zNDM2M2JjN2M0YzAiOnsiY3JlYXRlIjozMDAwMDAwMDAwMDAsImRlbGV0ZSI6MzAwMDAwMDAwMDAwLCJ1cGRhdGUiOjEyMDAwMDAwMDAwMH19",
          "dependencies": [
            "module.network.aws_eip.nat",
            "module.network.aws_nat_gateway.nat",
            "module.network.aws_subnet.public",
            "module.network.aws_vpc.vpc",
            "module.network.data.aws_availability_zones.azs"
          ]
        }
      ]
    },
    {
      "module": "module.network",
      "mode": "managed",
      "type": "aws_route_table",
      "name": "public",
      "provider": "provider[\"registry.terraform.io/hashicorp/aws\"]",
      "instances": [
        {
          "schema_version": 0,
          "attributes": {
            "arn": "arn:aws:ec2:ap-northeast-1:883779074323:route-table/rtb-01d9361cbab84f28a",
            "id": "rtb-01d9361cbab84f28a",
            "owner_id": "883779074323",
            "propagating_vgws": [],
            "route": [
              {
                "carrier_gateway_id": "",
                "cidr_block": "0.0.0.0/0",
                "core_network_arn": "",
                "destination_prefix_list_id": "",
                "egress_only_gateway_id": "",
                "gateway_id": "igw-0688201cf38e09500",
                "instance_id": "",
                "ipv6_cidr_block": "",
                "local_gateway_id": "",
                "nat_gateway_id": "",
                "network_interface_id": "",
                "transit_gateway_id": "",
                "vpc_endpoint_id": "",
                "vpc_peering_connection_id": ""
              }
            ],
            "tags": {
              "Env": "Lab",
              "Name": "DMS-Lab-PublicRoute",
              "Project": "DMS"
            },
            "tags_all": {
              "Env": "Lab",
              "Name": "DMS-Lab-PublicRoute",
              "Project": "DMS"
            },
            "timeouts": null,
            "vpc_id": "vpc-05fb6ba89bd37cac4"
          },
          "sensitive_attributes": [],
          "private": "eyJlMmJmYjczMC1lY2FhLTExZTYtOGY4OC0zNDM2M2JjN2M0YzAiOnsiY3JlYXRlIjozMDAwMDAwMDAwMDAsImRlbGV0ZSI6MzAwMDAwMDAwMDAwLCJ1cGRhdGUiOjEyMDAwMDAwMDAwMH19",
          "dependencies": [
            "module.network.aws_internet_gateway.igw",
            "module.network.aws_vpc.vpc"
          ]
        }
      ]
    },
    {
      "module": "module.network",
      "mode": "managed",
      "type": "aws_route_table_association",
      "name": "db",
      "provider": "provider[\"registry.terraform.io/hashicorp/aws\"]",
      "instances": [
        {
          "index_key": 0,
          "schema_version": 0,
          "attributes": {
            "gateway_id": "",
            "id": "rtbassoc-04a50db42a9280fb2",
            "route_table_id": "rtb-0f601896712313f5f",
            "subnet_id": "subnet-0fb5e0f94d89b60f0"
          },
          "sensitive_attributes": [],
          "private": "bnVsbA==",
          "dependencies": [
            "module.network.aws_route_table.db",
            "module.network.aws_subnet.db",
            "module.network.aws_vpc.vpc",
            "module.network.data.aws_availability_zones.azs"
          ]
        },
        {
          "index_key": 1,
          "schema_version": 0,
          "attributes": {
            "gateway_id": "",
            "id": "rtbassoc-0c60e7f4224651e50",
            "route_table_id": "rtb-0f601896712313f5f",
            "subnet_id": "subnet-036e63fef1aa30126"
          },
          "sensitive_attributes": [],
          "private": "bnVsbA==",
          "dependencies": [
            "module.network.aws_route_table.db",
            "module.network.aws_subnet.db",
            "module.network.aws_vpc.vpc",
            "module.network.data.aws_availability_zones.azs"
          ]
        },
        {
          "index_key": 2,
          "schema_version": 0,
          "attributes": {
            "gateway_id": "",
            "id": "rtbassoc-0bf1ac503a5efa84e",
            "route_table_id": "rtb-0f601896712313f5f",
            "subnet_id": "subnet-038becd4585413c16"
          },
          "sensitive_attributes": [],
          "private": "bnVsbA==",
          "dependencies": [
            "module.network.aws_route_table.db",
            "module.network.aws_subnet.db",
            "module.network.aws_vpc.vpc",
            "module.network.data.aws_availability_zones.azs"
          ]
        }
      ]
    },
    {
      "module": "module.network",
      "mode": "managed",
      "type": "aws_route_table_association",
      "name": "private",
      "provider": "provider[\"registry.terraform.io/hashicorp/aws\"]",
      "instances": [
        {
          "index_key": 0,
          "schema_version": 0,
          "attributes": {
            "gateway_id": "",
            "id": "rtbassoc-0f85a5c2bd1f01ac9",
            "route_table_id": "rtb-0e769663955819141",
            "subnet_id": "subnet-0cb0c53c04ac5dc8e"
          },
          "sensitive_attributes": [],
          "private": "bnVsbA==",
          "dependencies": [
            "module.network.aws_eip.nat",
            "module.network.aws_nat_gateway.nat",
            "module.network.aws_route_table.private",
            "module.network.aws_subnet.private",
            "module.network.aws_subnet.public",
            "module.network.aws_vpc.vpc",
            "module.network.data.aws_availability_zones.azs"
          ]
        },
        {
          "index_key": 1,
          "schema_version": 0,
          "attributes": {
            "gateway_id": "",
            "id": "rtbassoc-055ebf51f2cc2c0f6",
            "route_table_id": "rtb-0e769663955819141",
            "subnet_id": "subnet-0beec675ebeb8daf3"
          },
          "sensitive_attributes": [],
          "private": "bnVsbA==",
          "dependencies": [
            "module.network.aws_eip.nat",
            "module.network.aws_nat_gateway.nat",
            "module.network.aws_route_table.private",
            "module.network.aws_subnet.private",
            "module.network.aws_subnet.public",
            "module.network.aws_vpc.vpc",
            "module.network.data.aws_availability_zones.azs"
          ]
        },
        {
          "index_key": 2,
          "schema_version": 0,
          "attributes": {
            "gateway_id": "",
            "id": "rtbassoc-0984a0b1a35375053",
            "route_table_id": "rtb-0e769663955819141",
            "subnet_id": "subnet-0e1e75e5cdc7eee86"
          },
          "sensitive_attributes": [],
          "private": "bnVsbA==",
          "dependencies": [
            "module.network.aws_eip.nat",
            "module.network.aws_nat_gateway.nat",
            "module.network.aws_route_table.private",
            "module.network.aws_subnet.private",
            "module.network.aws_subnet.public",
            "module.network.aws_vpc.vpc",
            "module.network.data.aws_availability_zones.azs"
          ]
        }
      ]
    },
    {
      "module": "module.network",
      "mode": "managed",
      "type": "aws_route_table_association",
      "name": "public",
      "provider": "provider[\"registry.terraform.io/hashicorp/aws\"]",
      "instances": [
        {
          "index_key": 0,
          "schema_version": 0,
          "attributes": {
            "gateway_id": "",
            "id": "rtbassoc-05c279df9516f46ae",
            "route_table_id": "rtb-01d9361cbab84f28a",
            "subnet_id": "subnet-04f4bac7b4deaf092"
          },
          "sensitive_attributes": [],
          "private": "bnVsbA==",
          "dependencies": [
            "module.network.aws_internet_gateway.igw",
            "module.network.aws_route_table.public",
            "module.network.aws_subnet.public",
            "module.network.aws_vpc.vpc",
            "module.network.data.aws_availability_zones.azs"
          ]
        },
        {
          "index_key": 1,
          "schema_version": 0,
          "attributes": {
            "gateway_id": "",
            "id": "rtbassoc-0283ea93317094988",
            "route_table_id": "rtb-01d9361cbab84f28a",
            "subnet_id": "subnet-0a59be880cb41df6d"
          },
          "sensitive_attributes": [],
          "private": "bnVsbA==",
          "dependencies": [
            "module.network.aws_internet_gateway.igw",
            "module.network.aws_route_table.public",
            "module.network.aws_subnet.public",
            "module.network.aws_vpc.vpc",
            "module.network.data.aws_availability_zones.azs"
          ]
        },
        {
          "index_key": 2,
          "schema_version": 0,
          "attributes": {
            "gateway_id": "",
            "id": "rtbassoc-03876301ac8a182e1",
            "route_table_id": "rtb-01d9361cbab84f28a",
            "subnet_id": "subnet-0133fb65130cb2fde"
          },
          "sensitive_attributes": [],
          "private": "bnVsbA==",
          "dependencies": [
            "module.network.aws_internet_gateway.igw",
            "module.network.aws_route_table.public",
            "module.network.aws_subnet.public",
            "module.network.aws_vpc.vpc",
            "module.network.data.aws_availability_zones.azs"
          ]
        },
        {
          "index_key": 3,
          "schema_version": 0,
          "attributes": {
            "gateway_id": "",
            "id": "rtbassoc-0e946f811194fcd6e",
            "route_table_id": "rtb-01d9361cbab84f28a",
            "subnet_id": "subnet-079057dc8a745f571"
          },
          "sensitive_attributes": [],
          "private": "bnVsbA==",
          "dependencies": [
            "module.network.aws_internet_gateway.igw",
            "module.network.aws_route_table.public",
            "module.network.aws_subnet.public",
            "module.network.aws_vpc.vpc",
            "module.network.data.aws_availability_zones.azs"
          ]
        }
      ]
    },
    {
      "module": "module.network",
      "mode": "managed",
      "type": "aws_subnet",
      "name": "db",
      "provider": "provider[\"registry.terraform.io/hashicorp/aws\"]",
      "instances": [
        {
          "index_key": 0,
          "schema_version": 1,
          "attributes": {
            "arn": "arn:aws:ec2:ap-northeast-1:883779074323:subnet/subnet-0fb5e0f94d89b60f0",
            "assign_ipv6_address_on_creation": false,
            "availability_zone": "ap-northeast-1a",
            "availability_zone_id": "apne1-az4",
            "cidr_block": "10.0.6.0/25",
            "customer_owned_ipv4_pool": "",
            "enable_dns64": false,
            "enable_resource_name_dns_a_record_on_launch": false,
            "enable_resource_name_dns_aaaa_record_on_launch": false,
            "id": "subnet-0fb5e0f94d89b60f0",
            "ipv6_cidr_block": "",
            "ipv6_cidr_block_association_id": "",
            "ipv6_native": false,
            "map_customer_owned_ip_on_launch": false,
            "map_public_ip_on_launch": false,
            "outpost_arn": "",
            "owner_id": "883779074323",
            "private_dns_hostname_type_on_launch": "ip-name",
            "tags": {
              "Env": "Lab",
              "Name": "DMS-Lab-DbSubnet1",
              "Project": "DMS"
            },
            "tags_all": {
              "Env": "Lab",
              "Name": "DMS-Lab-DbSubnet1",
              "Project": "DMS"
            },
            "timeouts": null,
            "vpc_id": "vpc-05fb6ba89bd37cac4"
          },
          "sensitive_attributes": [],
          "private": "eyJlMmJmYjczMC1lY2FhLTExZTYtOGY4OC0zNDM2M2JjN2M0YzAiOnsiY3JlYXRlIjo2MDAwMDAwMDAwMDAsImRlbGV0ZSI6MTIwMDAwMDAwMDAwMH0sInNjaGVtYV92ZXJzaW9uIjoiMSJ9",
          "dependencies": [
            "module.network.aws_vpc.vpc",
            "module.network.data.aws_availability_zones.azs"
          ]
        },
        {
          "index_key": 1,
          "schema_version": 1,
          "attributes": {
            "arn": "arn:aws:ec2:ap-northeast-1:883779074323:subnet/subnet-036e63fef1aa30126",
            "assign_ipv6_address_on_creation": false,
            "availability_zone": "ap-northeast-1c",
            "availability_zone_id": "apne1-az1",
            "cidr_block": "10.0.6.128/25",
            "customer_owned_ipv4_pool": "",
            "enable_dns64": false,
            "enable_resource_name_dns_a_record_on_launch": false,
            "enable_resource_name_dns_aaaa_record_on_launch": false,
            "id": "subnet-036e63fef1aa30126",
            "ipv6_cidr_block": "",
            "ipv6_cidr_block_association_id": "",
            "ipv6_native": false,
            "map_customer_owned_ip_on_launch": false,
            "map_public_ip_on_launch": false,
            "outpost_arn": "",
            "owner_id": "883779074323",
            "private_dns_hostname_type_on_launch": "ip-name",
            "tags": {
              "Env": "Lab",
              "Name": "DMS-Lab-DbSubnet2",
              "Project": "DMS"
            },
            "tags_all": {
              "Env": "Lab",
              "Name": "DMS-Lab-DbSubnet2",
              "Project": "DMS"
            },
            "timeouts": null,
            "vpc_id": "vpc-05fb6ba89bd37cac4"
          },
          "sensitive_attributes": [],
          "private": "eyJlMmJmYjczMC1lY2FhLTExZTYtOGY4OC0zNDM2M2JjN2M0YzAiOnsiY3JlYXRlIjo2MDAwMDAwMDAwMDAsImRlbGV0ZSI6MTIwMDAwMDAwMDAwMH0sInNjaGVtYV92ZXJzaW9uIjoiMSJ9",
          "dependencies": [
            "module.network.aws_vpc.vpc",
            "module.network.data.aws_availability_zones.azs"
          ]
        },
        {
          "index_key": 2,
          "schema_version": 1,
          "attributes": {
            "arn": "arn:aws:ec2:ap-northeast-1:883779074323:subnet/subnet-038becd4585413c16",
            "assign_ipv6_address_on_creation": false,
            "availability_zone": "ap-northeast-1d",
            "availability_zone_id": "apne1-az2",
            "cidr_block": "10.0.7.0/25",
            "customer_owned_ipv4_pool": "",
            "enable_dns64": false,
            "enable_resource_name_dns_a_record_on_launch": false,
            "enable_resource_name_dns_aaaa_record_on_launch": false,
            "id": "subnet-038becd4585413c16",
            "ipv6_cidr_block": "",
            "ipv6_cidr_block_association_id": "",
            "ipv6_native": false,
            "map_customer_owned_ip_on_launch": false,
            "map_public_ip_on_launch": false,
            "outpost_arn": "",
            "owner_id": "883779074323",
            "private_dns_hostname_type_on_launch": "ip-name",
            "tags": {
              "Env": "Lab",
              "Name": "DMS-Lab-DbSubnet3",
              "Project": "DMS"
            },
            "tags_all": {
              "Env": "Lab",
              "Name": "DMS-Lab-DbSubnet3",
              "Project": "DMS"
            },
            "timeouts": null,
            "vpc_id": "vpc-05fb6ba89bd37cac4"
          },
          "sensitive_attributes": [],
          "private": "eyJlMmJmYjczMC1lY2FhLTExZTYtOGY4OC0zNDM2M2JjN2M0YzAiOnsiY3JlYXRlIjo2MDAwMDAwMDAwMDAsImRlbGV0ZSI6MTIwMDAwMDAwMDAwMH0sInNjaGVtYV92ZXJzaW9uIjoiMSJ9",
          "dependencies": [
            "module.network.aws_vpc.vpc",
            "module.network.data.aws_availability_zones.azs"
          ]
        }
      ]
    },
    {
      "module": "module.network",
      "mode": "managed",
      "type": "aws_subnet",
      "name": "private",
      "provider": "provider[\"registry.terraform.io/hashicorp/aws\"]",
      "instances": [
        {
          "index_key": 0,
          "schema_version": 1,
          "attributes": {
            "arn": "arn:aws:ec2:ap-northeast-1:883779074323:subnet/subnet-0cb0c53c04ac5dc8e",
            "assign_ipv6_address_on_creation": false,
            "availability_zone": "ap-northeast-1a",
            "availability_zone_id": "apne1-az4",
            "cidr_block": "10.0.0.0/23",
            "customer_owned_ipv4_pool": "",
            "enable_dns64": false,
            "enable_resource_name_dns_a_record_on_launch": false,
            "enable_resource_name_dns_aaaa_record_on_launch": false,
            "id": "subnet-0cb0c53c04ac5dc8e",
            "ipv6_cidr_block": "",
            "ipv6_cidr_block_association_id": "",
            "ipv6_native": false,
            "map_customer_owned_ip_on_launch": false,
            "map_public_ip_on_launch": false,
            "outpost_arn": "",
            "owner_id": "883779074323",
            "private_dns_hostname_type_on_launch": "ip-name",
            "tags": {
              "Env": "Lab",
              "Name": "DMS-Lab-PrivateSubnet1",
              "Project": "DMS"
            },
            "tags_all": {
              "Env": "Lab",
              "Name": "DMS-Lab-PrivateSubnet1",
              "Project": "DMS"
            },
            "timeouts": null,
            "vpc_id": "vpc-05fb6ba89bd37cac4"
          },
          "sensitive_attributes": [],
          "private": "eyJlMmJmYjczMC1lY2FhLTExZTYtOGY4OC0zNDM2M2JjN2M0YzAiOnsiY3JlYXRlIjo2MDAwMDAwMDAwMDAsImRlbGV0ZSI6MTIwMDAwMDAwMDAwMH0sInNjaGVtYV92ZXJzaW9uIjoiMSJ9",
          "dependencies": [
            "module.network.aws_vpc.vpc",
            "module.network.data.aws_availability_zones.azs"
          ]
        },
        {
          "index_key": 1,
          "schema_version": 1,
          "attributes": {
            "arn": "arn:aws:ec2:ap-northeast-1:883779074323:subnet/subnet-0beec675ebeb8daf3",
            "assign_ipv6_address_on_creation": false,
            "availability_zone": "ap-northeast-1c",
            "availability_zone_id": "apne1-az1",
            "cidr_block": "10.0.2.0/23",
            "customer_owned_ipv4_pool": "",
            "enable_dns64": false,
            "enable_resource_name_dns_a_record_on_launch": false,
            "enable_resource_name_dns_aaaa_record_on_launch": false,
            "id": "subnet-0beec675ebeb8daf3",
            "ipv6_cidr_block": "",
            "ipv6_cidr_block_association_id": "",
            "ipv6_native": false,
            "map_customer_owned_ip_on_launch": false,
            "map_public_ip_on_launch": false,
            "outpost_arn": "",
            "owner_id": "883779074323",
            "private_dns_hostname_type_on_launch": "ip-name",
            "tags": {
              "Env": "Lab",
              "Name": "DMS-Lab-PrivateSubnet2",
              "Project": "DMS"
            },
            "tags_all": {
              "Env": "Lab",
              "Name": "DMS-Lab-PrivateSubnet2",
              "Project": "DMS"
            },
            "timeouts": null,
            "vpc_id": "vpc-05fb6ba89bd37cac4"
          },
          "sensitive_attributes": [],
          "private": "eyJlMmJmYjczMC1lY2FhLTExZTYtOGY4OC0zNDM2M2JjN2M0YzAiOnsiY3JlYXRlIjo2MDAwMDAwMDAwMDAsImRlbGV0ZSI6MTIwMDAwMDAwMDAwMH0sInNjaGVtYV92ZXJzaW9uIjoiMSJ9",
          "dependencies": [
            "module.network.aws_vpc.vpc",
            "module.network.data.aws_availability_zones.azs"
          ]
        },
        {
          "index_key": 2,
          "schema_version": 1,
          "attributes": {
            "arn": "arn:aws:ec2:ap-northeast-1:883779074323:subnet/subnet-0e1e75e5cdc7eee86",
            "assign_ipv6_address_on_creation": false,
            "availability_zone": "ap-northeast-1d",
            "availability_zone_id": "apne1-az2",
            "cidr_block": "10.0.4.0/23",
            "customer_owned_ipv4_pool": "",
            "enable_dns64": false,
            "enable_resource_name_dns_a_record_on_launch": false,
            "enable_resource_name_dns_aaaa_record_on_launch": false,
            "id": "subnet-0e1e75e5cdc7eee86",
            "ipv6_cidr_block": "",
            "ipv6_cidr_block_association_id": "",
            "ipv6_native": false,
            "map_customer_owned_ip_on_launch": false,
            "map_public_ip_on_launch": false,
            "outpost_arn": "",
            "owner_id": "883779074323",
            "private_dns_hostname_type_on_launch": "ip-name",
            "tags": {
              "Env": "Lab",
              "Name": "DMS-Lab-PrivateSubnet3",
              "Project": "DMS"
            },
            "tags_all": {
              "Env": "Lab",
              "Name": "DMS-Lab-PrivateSubnet3",
              "Project": "DMS"
            },
            "timeouts": null,
            "vpc_id": "vpc-05fb6ba89bd37cac4"
          },
          "sensitive_attributes": [],
          "private": "eyJlMmJmYjczMC1lY2FhLTExZTYtOGY4OC0zNDM2M2JjN2M0YzAiOnsiY3JlYXRlIjo2MDAwMDAwMDAwMDAsImRlbGV0ZSI6MTIwMDAwMDAwMDAwMH0sInNjaGVtYV92ZXJzaW9uIjoiMSJ9",
          "dependencies": [
            "module.network.aws_vpc.vpc",
            "module.network.data.aws_availability_zones.azs"
          ]
        }
      ]
    },
    {
      "module": "module.network",
      "mode": "managed",
      "type": "aws_subnet",
      "name": "public",
      "provider": "provider[\"registry.terraform.io/hashicorp/aws\"]",
      "instances": [
        {
          "index_key": 0,
          "schema_version": 1,
          "attributes": {
            "arn": "arn:aws:ec2:ap-northeast-1:883779074323:subnet/subnet-04f4bac7b4deaf092",
            "assign_ipv6_address_on_creation": false,
            "availability_zone": "ap-northeast-1a",
            "availability_zone_id": "apne1-az4",
            "cidr_block": "10.0.7.128/25",
            "customer_owned_ipv4_pool": "",
            "enable_dns64": false,
            "enable_resource_name_dns_a_record_on_launch": false,
            "enable_resource_name_dns_aaaa_record_on_launch": false,
            "id": "subnet-04f4bac7b4deaf092",
            "ipv6_cidr_block": "",
            "ipv6_cidr_block_association_id": "",
            "ipv6_native": false,
            "map_customer_owned_ip_on_launch": false,
            "map_public_ip_on_launch": true,
            "outpost_arn": "",
            "owner_id": "883779074323",
            "private_dns_hostname_type_on_launch": "ip-name",
            "tags": {
              "Env": "Lab",
              "Name": "DMS-Lab-PublicSubnet1",
              "Project": "DMS"
            },
            "tags_all": {
              "Env": "Lab",
              "Name": "DMS-Lab-PublicSubnet1",
              "Project": "DMS"
            },
            "timeouts": null,
            "vpc_id": "vpc-05fb6ba89bd37cac4"
          },
          "sensitive_attributes": [],
          "private": "eyJlMmJmYjczMC1lY2FhLTExZTYtOGY4OC0zNDM2M2JjN2M0YzAiOnsiY3JlYXRlIjo2MDAwMDAwMDAwMDAsImRlbGV0ZSI6MTIwMDAwMDAwMDAwMH0sInNjaGVtYV92ZXJzaW9uIjoiMSJ9",
          "dependencies": [
            "module.network.aws_vpc.vpc",
            "module.network.data.aws_availability_zones.azs"
          ]
        },
        {
          "index_key": 1,
          "schema_version": 1,
          "attributes": {
            "arn": "arn:aws:ec2:ap-northeast-1:883779074323:subnet/subnet-0a59be880cb41df6d",
            "assign_ipv6_address_on_creation": false,
            "availability_zone": "ap-northeast-1c",
            "availability_zone_id": "apne1-az1",
            "cidr_block": "10.0.8.0/25",
            "customer_owned_ipv4_pool": "",
            "enable_dns64": false,
            "enable_resource_name_dns_a_record_on_launch": false,
            "enable_resource_name_dns_aaaa_record_on_launch": false,
            "id": "subnet-0a59be880cb41df6d",
            "ipv6_cidr_block": "",
            "ipv6_cidr_block_association_id": "",
            "ipv6_native": false,
            "map_customer_owned_ip_on_launch": false,
            "map_public_ip_on_launch": true,
            "outpost_arn": "",
            "owner_id": "883779074323",
            "private_dns_hostname_type_on_launch": "ip-name",
            "tags": {
              "Env": "Lab",
              "Name": "DMS-Lab-PublicSubnet2",
              "Project": "DMS"
            },
            "tags_all": {
              "Env": "Lab",
              "Name": "DMS-Lab-PublicSubnet2",
              "Project": "DMS"
            },
            "timeouts": null,
            "vpc_id": "vpc-05fb6ba89bd37cac4"
          },
          "sensitive_attributes": [],
          "private": "eyJlMmJmYjczMC1lY2FhLTExZTYtOGY4OC0zNDM2M2JjN2M0YzAiOnsiY3JlYXRlIjo2MDAwMDAwMDAwMDAsImRlbGV0ZSI6MTIwMDAwMDAwMDAwMH0sInNjaGVtYV92ZXJzaW9uIjoiMSJ9",
          "dependencies": [
            "module.network.aws_vpc.vpc",
            "module.network.data.aws_availability_zones.azs"
          ]
        },
        {
          "index_key": 2,
          "schema_version": 1,
          "attributes": {
            "arn": "arn:aws:ec2:ap-northeast-1:883779074323:subnet/subnet-0133fb65130cb2fde",
            "assign_ipv6_address_on_creation": false,
            "availability_zone": "ap-northeast-1d",
            "availability_zone_id": "apne1-az2",
            "cidr_block": "10.0.8.128/25",
            "customer_owned_ipv4_pool": "",
            "enable_dns64": false,
            "enable_resource_name_dns_a_record_on_launch": false,
            "enable_resource_name_dns_aaaa_record_on_launch": false,
            "id": "subnet-0133fb65130cb2fde",
            "ipv6_cidr_block": "",
            "ipv6_cidr_block_association_id": "",
            "ipv6_native": false,
            "map_customer_owned_ip_on_launch": false,
            "map_public_ip_on_launch": true,
            "outpost_arn": "",
            "owner_id": "883779074323",
            "private_dns_hostname_type_on_launch": "ip-name",
            "tags": {
              "Env": "Lab",
              "Name": "DMS-Lab-PublicSubnet3",
              "Project": "DMS"
            },
            "tags_all": {
              "Env": "Lab",
              "Name": "DMS-Lab-PublicSubnet3",
              "Project": "DMS"
            },
            "timeouts": null,
            "vpc_id": "vpc-05fb6ba89bd37cac4"
          },
          "sensitive_attributes": [],
          "private": "eyJlMmJmYjczMC1lY2FhLTExZTYtOGY4OC0zNDM2M2JjN2M0YzAiOnsiY3JlYXRlIjo2MDAwMDAwMDAwMDAsImRlbGV0ZSI6MTIwMDAwMDAwMDAwMH0sInNjaGVtYV92ZXJzaW9uIjoiMSJ9",
          "dependencies": [
            "module.network.aws_vpc.vpc",
            "module.network.data.aws_availability_zones.azs"
          ]
        },
        {
          "index_key": 3,
          "schema_version": 1,
          "attributes": {
            "arn": "arn:aws:ec2:ap-northeast-1:883779074323:subnet/subnet-079057dc8a745f571",
            "assign_ipv6_address_on_creation": false,
            "availability_zone": "ap-northeast-1a",
            "availability_zone_id": "apne1-az4",
            "cidr_block": "10.0.9.0/25",
            "customer_owned_ipv4_pool": "",
            "enable_dns64": false,
            "enable_resource_name_dns_a_record_on_launch": false,
            "enable_resource_name_dns_aaaa_record_on_launch": false,
            "id": "subnet-079057dc8a745f571",
            "ipv6_cidr_block": "",
            "ipv6_cidr_block_association_id": "",
            "ipv6_native": false,
            "map_customer_owned_ip_on_launch": false,
            "map_public_ip_on_launch": true,
            "outpost_arn": "",
            "owner_id": "883779074323",
            "private_dns_hostname_type_on_launch": "ip-name",
            "tags": {
              "Env": "Lab",
              "Name": "DMS-Lab-PublicSubnet4",
              "Project": "DMS"
            },
            "tags_all": {
              "Env": "Lab",
              "Name": "DMS-Lab-PublicSubnet4",
              "Project": "DMS"
            },
            "timeouts": null,
            "vpc_id": "vpc-05fb6ba89bd37cac4"
          },
          "sensitive_attributes": [],
          "private": "eyJlMmJmYjczMC1lY2FhLTExZTYtOGY4OC0zNDM2M2JjN2M0YzAiOnsiY3JlYXRlIjo2MDAwMDAwMDAwMDAsImRlbGV0ZSI6MTIwMDAwMDAwMDAwMH0sInNjaGVtYV92ZXJzaW9uIjoiMSJ9",
          "dependencies": [
            "module.network.aws_vpc.vpc",
            "module.network.data.aws_availability_zones.azs"
          ]
        }
      ]
    },
    {
      "module": "module.network",
      "mode": "managed",
      "type": "aws_vpc",
      "name": "vpc",
      "provider": "provider[\"registry.terraform.io/hashicorp/aws\"]",
      "instances": [
        {
          "schema_version": 1,
          "attributes": {
            "arn": "arn:aws:ec2:ap-northeast-1:883779074323:vpc/vpc-05fb6ba89bd37cac4",
            "assign_generated_ipv6_cidr_block": false,
            "cidr_block": "10.0.0.0/16",
            "default_network_acl_id": "acl-0363b48e2b2e5f75f",
            "default_route_table_id": "rtb-02ea4e85fee9cd525",
            "default_security_group_id": "sg-078d5c5d98f460a0e",
            "dhcp_options_id": "dopt-fb18599c",
            "enable_classiclink": false,
            "enable_classiclink_dns_support": false,
            "enable_dns_hostnames": true,
            "enable_dns_support": true,
            "enable_network_address_usage_metrics": false,
            "id": "vpc-05fb6ba89bd37cac4",
            "instance_tenancy": "default",
            "ipv4_ipam_pool_id": null,
            "ipv4_netmask_length": null,
            "ipv6_association_id": "",
            "ipv6_cidr_block": "",
            "ipv6_cidr_block_network_border_group": "",
            "ipv6_ipam_pool_id": "",
            "ipv6_netmask_length": 0,
            "main_route_table_id": "rtb-02ea4e85fee9cd525",
            "owner_id": "883779074323",
            "tags": {
              "Env": "Lab",
              "Name": "DMS-Lab-Vpc",
              "Project": "DMS"
            },
            "tags_all": {
              "Env": "Lab",
              "Name": "DMS-Lab-Vpc",
              "Project": "DMS"
            }
          },
          "sensitive_attributes": [],
          "private": "eyJzY2hlbWFfdmVyc2lvbiI6IjEifQ=="
        }
      ]
    }
  ],
  "check_results": null
}
